
Microsoft Visual Studio Solution File, Format Version 12.00
# Visual Studio Version 17
VisualStudioVersion = 17.10.34928.147
MinimumVisualStudioVersion = 10.0.40219.1
Project("{FAE04EC0-301F-11D3-BF4B-00C04F79EFBC}") = "OnlineStore", "OnlineStore\OnlineStore.csproj", "{ED80B80E-2C42-4058-B231-7FAC182296FE}"
EndProject
Global
	GlobalSection(SolutionConfigurationPlatforms) = preSolution
		Debug|Any CPU = Debug|Any CPU
		Release|Any CPU = Release|Any CPU
	EndGlobalSection
	GlobalSection(ProjectConfigurationPlatforms) = postSolution
		{ED80B80E-2C42-4058-B231-7FAC182296FE}.Debug|Any CPU.ActiveCfg = Debug|Any CPU
		{ED80B80E-2C42-4058-B231-7FAC182296FE}.Debug|Any CPU.Build.0 = Debug|Any CPU
		{ED80B80E-2C42-4058-B231-7FAC182296FE}.Release|Any CPU.ActiveCfg = Release|Any CPU
		{ED80B80E-2C42-4058-B231-7FAC182296FE}.Release|Any CPU.Build.0 = Release|Any CPU
	EndGlobalSection
	GlobalSection(SolutionProperties) = preSolution
		HideSolutionNode = FALSE
	EndGlobalSection
	GlobalSection(ExtensibilityGlobals) = postSolution
		SolutionGuid = {CB84D1E9-5B20-4A90-9FE1-A14819E595B9}
	EndGlobalSection
EndGlobal
